// !$*UTF8*$!
{
	archiveVersion = 1;
	classes = {
	};
	objectVersion = 55;
	objects = {

/* Begin PBXBuildFile section */
		BDFD801F286B3D5A00ECC32D /* AppDelegate.swift in Sources */ = {isa = PBXBuildFile; fileRef = BDFD801E286B3D5A00ECC32D /* AppDelegate.swift */; };
		BDFD8021286B3D5A00ECC32D /* SceneDelegate.swift in Sources */ = {isa = PBXBuildFile; fileRef = BDFD8020286B3D5A00ECC32D /* SceneDelegate.swift */; };
		BDFD8026286B3D5A00ECC32D /* Main.storyboard in Resources */ = {isa = PBXBuildFile; fileRef = BDFD8024286B3D5A00ECC32D /* Main.storyboard */; };
		BDFD8028286B3D5B00ECC32D /* Assets.xcassets in Resources */ = {isa = PBXBuildFile; fileRef = BDFD8027286B3D5B00ECC32D /* Assets.xcassets */; };
		BDFD802B286B3D5B00ECC32D /* LaunchScreen.storyboard in Resources */ = {isa = PBXBuildFile; fileRef = BDFD8029286B3D5B00ECC32D /* LaunchScreen.storyboard */; };
		BDFD8036286B3D5B00ECC32D /* SimpleWeatherTests.swift in Sources */ = {isa = PBXBuildFile; fileRef = BDFD8035286B3D5B00ECC32D /* SimpleWeatherTests.swift */; };
		BDFD8040286B3D5B00ECC32D /* SimpleWeatherUITests.swift in Sources */ = {isa = PBXBuildFile; fileRef = BDFD803F286B3D5B00ECC32D /* SimpleWeatherUITests.swift */; };
		BDFD8042286B3D5B00ECC32D /* SimpleWeatherUITestsLaunchTests.swift in Sources */ = {isa = PBXBuildFile; fileRef = BDFD8041286B3D5B00ECC32D /* SimpleWeatherUITestsLaunchTests.swift */; };
		BDFD804F286B3DAD00ECC32D /* WeatherViewController.swift in Sources */ = {isa = PBXBuildFile; fileRef = BDFD804E286B3DAD00ECC32D /* WeatherViewController.swift */; };
/* End PBXBuildFile section */

/* Begin PBXContainerItemProxy section */
		BDFD8032286B3D5B00ECC32D /* PBXContainerItemProxy */ = {
			isa = PBXContainerItemProxy;
			containerPortal = BDFD8013286B3D5A00ECC32D /* Project object */;
			proxyType = 1;
			remoteGlobalIDString = BDFD801A286B3D5A00ECC32D;
			remoteInfo = SimpleWeather;
		};
		BDFD803C286B3D5B00ECC32D /* PBXContainerItemProxy */ = {
			isa = PBXContainerItemProxy;
			containerPortal = BDFD8013286B3D5A00ECC32D /* Project object */;
			proxyType = 1;
			remoteGlobalIDString = BDFD801A286B3D5A00ECC32D;
			remoteInfo = SimpleWeather;
		};
/* End PBXContainerItemProxy section */

/* Begin PBXFileReference section */
		BDFD801B286B3D5A00ECC32D /* SimpleWeather.app */ = {isa = PBXFileReference; explicitFileType = wrapper.application; includeInIndex = 0; path = SimpleWeather.app; sourceTree = BUILT_PRODUCTS_DIR; };
		BDFD801E286B3D5A00ECC32D /* AppDelegate.swift */ = {isa = PBXFileReference; lastKnownFileType = sourcecode.swift; path = AppDelegate.swift; sourceTree = "<group>"; };
		BDFD8020286B3D5A00ECC32D /* SceneDelegate.swift */ = {isa = PBXFileReference; lastKnownFileType = sourcecode.swift; path = SceneDelegate.swift; sourceTree = "<group>"; };
		BDFD8025286B3D5A00ECC32D /* Base */ = {isa = PBXFileReference; lastKnownFileType = file.storyboard; name = Base; path = Base.lproj/Main.storyboard; sourceTree = "<group>"; };
		BDFD8027286B3D5B00ECC32D /* Assets.xcassets */ = {isa = PBXFileReference; lastKnownFileType = folder.assetcatalog; path = Assets.xcassets; sourceTree = "<group>"; };
		BDFD802A286B3D5B00ECC32D /* Base */ = {isa = PBXFileReference; lastKnownFileType = file.storyboard; name = Base; path = Base.lproj/LaunchScreen.storyboard; sourceTree = "<group>"; };
		BDFD802C286B3D5B00ECC32D /* Info.plist */ = {isa = PBXFileReference; lastKnownFileType = text.plist.xml; path = Info.plist; sourceTree = "<group>"; };
		BDFD8031286B3D5B00ECC32D /* SimpleWeatherTests.xctest */ = {isa = PBXFileReference; explicitFileType = wrapper.cfbundle; includeInIndex = 0; path = SimpleWeatherTests.xctest; sourceTree = BUILT_PRODUCTS_DIR; };
		BDFD8035286B3D5B00ECC32D /* SimpleWeatherTests.swift */ = {isa = PBXFileReference; lastKnownFileType = sourcecode.swift; path = SimpleWeatherTests.swift; sourceTree = "<group>"; };
		BDFD803B286B3D5B00ECC32D /* SimpleWeatherUITests.xctest */ = {isa = PBXFileReference; explicitFileType = wrapper.cfbundle; includeInIndex = 0; path = SimpleWeatherUITests.xctest; sourceTree = BUILT_PRODUCTS_DIR; };
		BDFD803F286B3D5B00ECC32D /* SimpleWeatherUITests.swift */ = {isa = PBXFileReference; lastKnownFileType = sourcecode.swift; path = SimpleWeatherUITests.swift; sourceTree = "<group>"; };
		BDFD8041286B3D5B00ECC32D /* SimpleWeatherUITestsLaunchTests.swift */ = {isa = PBXFileReference; lastKnownFileType = sourcecode.swift; path = SimpleWeatherUITestsLaunchTests.swift; sourceTree = "<group>"; };
		BDFD804E286B3DAD00ECC32D /* WeatherViewController.swift */ = {isa = PBXFileReference; lastKnownFileType = sourcecode.swift; path = WeatherViewController.swift; sourceTree = "<group>"; };
/* End PBXFileReference section */

/* Begin PBXFrameworksBuildPhase section */
		BDFD8018286B3D5A00ECC32D /* Frameworks */ = {
			isa = PBXFrameworksBuildPhase;
			buildActionMask = 2147483647;
			files = (
			);
			runOnlyForDeploymentPostprocessing = 0;
		};
		BDFD802E286B3D5B00ECC32D /* Frameworks */ = {
			isa = PBXFrameworksBuildPhase;
			buildActionMask = 2147483647;
			files = (
			);
			runOnlyForDeploymentPostprocessing = 0;
		};
		BDFD8038286B3D5B00ECC32D /* Frameworks */ = {
			isa = PBXFrameworksBuildPhase;
			buildActionMask = 2147483647;
			files = (
			);
			runOnlyForDeploymentPostprocessing = 0;
		};
/* End PBXFrameworksBuildPhase section */

/* Begin PBXGroup section */
		BDFD8012286B3D5A00ECC32D = {
			isa = PBXGroup;
			children = (
				BDFD801D286B3D5A00ECC32D /* SimpleWeather */,
				BDFD8034286B3D5B00ECC32D /* SimpleWeatherTests */,
				BDFD803E286B3D5B00ECC32D /* SimpleWeatherUITests */,
				BDFD801C286B3D5A00ECC32D /* Products */,
			);
			sourceTree = "<group>";
		};
		BDFD801C286B3D5A00ECC32D /* Products */ = {
			isa = PBXGroup;
			children = (
				BDFD801B286B3D5A00ECC32D /* SimpleWeather.app */,
				BDFD8031286B3D5B00ECC32D /* SimpleWeatherTests.xctest */,
				BDFD803B286B3D5B00ECC32D /* SimpleWeatherUITests.xctest */,
			);
			name = Products;
			sourceTree = "<group>";
		};
		BDFD801D286B3D5A00ECC32D /* SimpleWeather */ = {
			isa = PBXGroup;
			children = (
				BDFD801E286B3D5A00ECC32D /* AppDelegate.swift */,
				BDFD8020286B3D5A00ECC32D /* SceneDelegate.swift */,
				BDFD8024286B3D5A00ECC32D /* Main.storyboard */,
				BDFD804E286B3DAD00ECC32D /* WeatherViewController.swift */,
				BDFD8027286B3D5B00ECC32D /* Assets.xcassets */,
				BDFD8029286B3D5B00ECC32D /* LaunchScreen.storyboard */,
				BDFD802C286B3D5B00ECC32D /* Info.plist */,
			);
			path = SimpleWeather;
			sourceTree = "<group>";
		};
		BDFD8034286B3D5B00ECC32D /* SimpleWeatherTests */ = {
			isa = PBXGroup;
			children = (
				BDFD8035286B3D5B00ECC32D /* SimpleWeatherTests.swift */,
			);
			path = SimpleWeatherTests;
			sourceTree = "<group>";
		};
		BDFD803E286B3D5B00ECC32D /* SimpleWeatherUITests */ = {
			isa = PBXGroup;
			children = (
				BDFD803F286B3D5B00ECC32D /* SimpleWeatherUITests.swift */,
				BDFD8041286B3D5B00ECC32D /* SimpleWeatherUITestsLaunchTests.swift */,
			);
			path = SimpleWeatherUITests;
			sourceTree = "<group>";
		};
/* End PBXGroup section */

/* Begin PBXNativeTarget section */
		BDFD801A286B3D5A00ECC32D /* SimpleWeather */ = {
			isa = PBXNativeTarget;
			buildConfigurationList = BDFD8045286B3D5B00ECC32D /* Build configuration list for PBXNativeTarget "SimpleWeather" */;
			buildPhases = (
				BDFD8017286B3D5A00ECC32D /* Sources */,
				BDFD8018286B3D5A00ECC32D /* Frameworks */,
				BDFD8019286B3D5A00ECC32D /* Resources */,
			);
			buildRules = (
			);
			dependencies = (
			);
			name = SimpleWeather;
			productName = SimpleWeather;
			productReference = BDFD801B286B3D5A00ECC32D /* SimpleWeather.app */;
			productType = "com.apple.product-type.application";
		};
		BDFD8030286B3D5B00ECC32D /* SimpleWeatherTests */ = {
			isa = PBXNativeTarget;
			buildConfigurationList = BDFD8048286B3D5B00ECC32D /* Build configuration list for PBXNativeTarget "SimpleWeatherTests" */;
			buildPhases = (
				BDFD802D286B3D5B00ECC32D /* Sources */,
				BDFD802E286B3D5B00ECC32D /* Frameworks */,
				BDFD802F286B3D5B00ECC32D /* Resources */,
			);
			buildRules = (
			);
			dependencies = (
				BDFD8033286B3D5B00ECC32D /* PBXTargetDependency */,
			);
			name = SimpleWeatherTests;
			productName = SimpleWeatherTests;
			productReference = BDFD8031286B3D5B00ECC32D /* SimpleWeatherTests.xctest */;
			productType = "com.apple.product-type.bundle.unit-test";
		};
		BDFD803A286B3D5B00ECC32D /* SimpleWeatherUITests */ = {
			isa = PBXNativeTarget;
			buildConfigurationList = BDFD804B286B3D5B00ECC32D /* Build configuration list for PBXNativeTarget "SimpleWeatherUITests" */;
			buildPhases = (
				BDFD8037286B3D5B00ECC32D /* Sources */,
				BDFD8038286B3D5B00ECC32D /* Frameworks */,
				BDFD8039286B3D5B00ECC32D /* Resources */,
			);
			buildRules = (
			);
			dependencies = (
				BDFD803D286B3D5B00ECC32D /* PBXTargetDependency */,
			);
			name = SimpleWeatherUITests;
			productName = SimpleWeatherUITests;
			productReference = BDFD803B286B3D5B00ECC32D /* SimpleWeatherUITests.xctest */;
			productType = "com.apple.product-type.bundle.ui-testing";
		};
/* End PBXNativeTarget section */

/* Begin PBXProject section */
		BDFD8013286B3D5A00ECC32D /* Project object */ = {
			isa = PBXProject;
			attributes = {
				BuildIndependentTargetsInParallel = 1;
				LastSwiftUpdateCheck = 1340;
				LastUpgradeCheck = 1340;
				TargetAttributes = {
					BDFD801A286B3D5A00ECC32D = {
						CreatedOnToolsVersion = 13.4.1;
					};
					BDFD8030286B3D5B00ECC32D = {
						CreatedOnToolsVersion = 13.4.1;
						TestTargetID = BDFD801A286B3D5A00ECC32D;
					};
					BDFD803A286B3D5B00ECC32D = {
						CreatedOnToolsVersion = 13.4.1;
						TestTargetID = BDFD801A286B3D5A00ECC32D;
					};
				};
			};
			buildConfigurationList = BDFD8016286B3D5A00ECC32D /* Build configuration list for PBXProject "SimpleWeather" */;
			compatibilityVersion = "Xcode 13.0";
			developmentRegion = en;
			hasScannedForEncodings = 0;
			knownRegions = (
				en,
				Base,
			);
			mainGroup = BDFD8012286B3D5A00ECC32D;
			productRefGroup = BDFD801C286B3D5A00ECC32D /* Products */;
			projectDirPath = "";
			projectRoot = "";
			targets = (
				BDFD801A286B3D5A00ECC32D /* SimpleWeather */,
				BDFD8030286B3D5B00ECC32D /* SimpleWeatherTests */,
				BDFD803A286B3D5B00ECC32D /* SimpleWeatherUITests */,
			);
		};
/* End PBXProject section */

/* Begin PBXResourcesBuildPhase section */
		BDFD8019286B3D5A00ECC32D /* Resources */ = {
			isa = PBXResourcesBuildPhase;
			buildActionMask = 2147483647;
			files = (
				BDFD802B286B3D5B00ECC32D /* LaunchScreen.storyboard in Resources */,
				BDFD8028286B3D5B00ECC32D /* Assets.xcassets in Resources */,
				BDFD8026286B3D5A00ECC32D /* Main.storyboard in Resources */,
			);
			runOnlyForDeploymentPostprocessing = 0;
		};
		BDFD802F286B3D5B00ECC32D /* Resources */ = {
			isa = PBXResourcesBuildPhase;
			buildActionMask = 2147483647;
			files = (
			);
			runOnlyForDeploymentPostprocessing = 0;
		};
		BDFD8039286B3D5B00ECC32D /* Resources */ = {
			isa = PBXResourcesBuildPhase;
			buildActionMask = 2147483647;
			files = (
			);
			runOnlyForDeploymentPostprocessing = 0;
		};
/* End PBXResourcesBuildPhase section */

/* Begin PBXSourcesBuildPhase section */
		BDFD8017286B3D5A00ECC32D /* Sources */ = {
			isa = PBXSourcesBuildPhase;
			buildActionMask = 2147483647;
			files = (
				BDFD801F286B3D5A00ECC32D /* AppDelegate.swift in Sources */,
				BDFD804F286B3DAD00ECC32D /* WeatherViewController.swift in Sources */,
				BDFD8021286B3D5A00ECC32D /* SceneDelegate.swift in Sources */,
			);
			runOnlyForDeploymentPostprocessing = 0;
		};
		BDFD802D286B3D5B00ECC32D /* Sources */ = {
			isa = PBXSourcesBuildPhase;
			buildActionMask = 2147483647;
			files = (
				BDFD8036286B3D5B00ECC32D /* SimpleWeatherTests.swift in Sources */,
			);
			runOnlyForDeploymentPostprocessing = 0;
		};
		BDFD8037286B3D5B00ECC32D /* Sources */ = {
			isa = PBXSourcesBuildPhase;
			buildActionMask = 2147483647;
			files = (
				BDFD8040286B3D5B00ECC32D /* SimpleWeatherUITests.swift in Sources */,
				BDFD8042286B3D5B00ECC32D /* SimpleWeatherUITestsLaunchTests.swift in Sources */,
			);
			runOnlyForDeploymentPostprocessing = 0;
		};
/* End PBXSourcesBuildPhase section */

/* Begin PBXTargetDependency section */
		BDFD8033286B3D5B00ECC32D /* PBXTargetDependency */ = {
			isa = PBXTargetDependency;
			target = BDFD801A286B3D5A00ECC32D /* SimpleWeather */;
			targetProxy = BDFD8032286B3D5B00ECC32D /* PBXContainerItemProxy */;
		};
		BDFD803D286B3D5B00ECC32D /* PBXTargetDependency */ = {
			isa = PBXTargetDependency;
			target = BDFD801A286B3D5A00ECC32D /* SimpleWeather */;
			targetProxy = BDFD803C286B3D5B00ECC32D /* PBXContainerItemProxy */;
		};
/* End PBXTargetDependency section */

/* Begin PBXVariantGroup section */
		BDFD8024286B3D5A00ECC32D /* Main.storyboard */ = {
			isa = PBXVariantGroup;
			children = (
				BDFD8025286B3D5A00ECC32D /* Base */,
			);
			name = Main.storyboard;
			sourceTree = "<group>";
		};
		BDFD8029286B3D5B00ECC32D /* LaunchScreen.storyboard */ = {
			isa = PBXVariantGroup;
			children = (
				BDFD802A286B3D5B00ECC32D /* Base */,
			);
			name = LaunchScreen.storyboard;
			sourceTree = "<group>";
		};
/* End PBXVariantGroup section */

/* Begin XCBuildConfiguration section */
		BDFD8043286B3D5B00ECC32D /* Debug */ = {
			isa = XCBuildConfiguration;
			buildSettings = {
				ALWAYS_SEARCH_USER_PATHS = NO;
				CLANG_ANALYZER_NONNULL = YES;
				CLANG_ANALYZER_NUMBER_OBJECT_CONVERSION = YES_AGGRESSIVE;
				CLANG_CXX_LANGUAGE_STANDARD = "gnu++17";
				CLANG_ENABLE_MODULES = YES;
				CLANG_ENABLE_OBJC_ARC = YES;
				CLANG_ENABLE_OBJC_WEAK = YES;
				CLANG_WARN_BLOCK_CAPTURE_AUTORELEASING = YES;
				CLANG_WARN_BOOL_CONVERSION = YES;
				CLANG_WARN_COMMA = YES;
				CLANG_WARN_CONSTANT_CONVERSION = YES;
				CLANG_WARN_DEPRECATED_OBJC_IMPLEMENTATIONS = YES;
				CLANG_WARN_DIRECT_OBJC_ISA_USAGE = YES_ERROR;
				CLANG_WARN_DOCUMENTATION_COMMENTS = YES;
				CLANG_WARN_EMPTY_BODY = YES;
				CLANG_WARN_ENUM_CONVERSION = YES;
				CLANG_WARN_INFINITE_RECURSION = YES;
				CLANG_WARN_INT_CONVERSION = YES;
				CLANG_WARN_NON_LITERAL_NULL_CONVERSION = YES;
				CLANG_WARN_OBJC_IMPLICIT_RETAIN_SELF = YES;
				CLANG_WARN_OBJC_LITERAL_CONVERSION = YES;
				CLANG_WARN_OBJC_ROOT_CLASS = YES_ERROR;
				CLANG_WARN_QUOTED_INCLUDE_IN_FRAMEWORK_HEADER = YES;
				CLANG_WARN_RANGE_LOOP_ANALYSIS = YES;
				CLANG_WARN_STRICT_PROTOTYPES = YES;
				CLANG_WARN_SUSPICIOUS_MOVE = YES;
				CLANG_WARN_UNGUARDED_AVAILABILITY = YES_AGGRESSIVE;
				CLANG_WARN_UNREACHABLE_CODE = YES;
				CLANG_WARN__DUPLICATE_METHOD_MATCH = YES;
				COPY_PHASE_STRIP = NO;
				DEBUG_INFORMATION_FORMAT = dwarf;
				ENABLE_STRICT_OBJC_MSGSEND = YES;
				ENABLE_TESTABILITY = YES;
				GCC_C_LANGUAGE_STANDARD = gnu11;
				GCC_DYNAMIC_NO_PIC = NO;
				GCC_NO_COMMON_BLOCKS = YES;
				GCC_OPTIMIZATION_LEVEL = 0;
				GCC_PREPROCESSOR_DEFINITIONS = (
					"DEBUG=1",
					"$(inherited)",
				);
				GCC_WARN_64_TO_32_BIT_CONVERSION = YES;
				GCC_WARN_ABOUT_RETURN_TYPE = YES_ERROR;
				GCC_WARN_UNDECLARED_SELECTOR = YES;
				GCC_WARN_UNINITIALIZED_AUTOS = YES_AGGRESSIVE;
				GCC_WARN_UNUSED_FUNCTION = YES;
				GCC_WARN_UNUSED_VARIABLE = YES;
				IPHONEOS_DEPLOYMENT_TARGET = 15.5;
				MTL_ENABLE_DEBUG_INFO = INCLUDE_SOURCE;
				MTL_FAST_MATH = YES;
				ONLY_ACTIVE_ARCH = YES;
				SDKROOT = iphoneos;
				SWIFT_ACTIVE_COMPILATION_CONDITIONS = DEBUG;
				SWIFT_OPTIMIZATION_LEVEL = "-Onone";
			};
			name = Debug;
		};
		BDFD8044286B3D5B00ECC32D /* Release */ = {
			isa = XCBuildConfiguration;
			buildSettings = {
				ALWAYS_SEARCH_USER_PATHS = NO;
				CLANG_ANALYZER_NONNULL = YES;
				CLANG_ANALYZER_NUMBER_OBJECT_CONVERSION = YES_AGGRESSIVE;
				CLANG_CXX_LANGUAGE_STANDARD = "gnu++17";
				CLANG_ENABLE_MODULES = YES;
				CLANG_ENABLE_OBJC_ARC = YES;
				CLANG_ENABLE_OBJC_WEAK = YES;
				CLANG_WARN_BLOCK_CAPTURE_AUTORELEASING = YES;
				CLANG_WARN_BOOL_CONVERSION = YES;
				CLANG_WARN_COMMA = YES;
				CLANG_WARN_CONSTANT_CONVERSION = YES;
				CLANG_WARN_DEPRECATED_OBJC_IMPLEMENTATIONS = YES;
				CLANG_WARN_DIRECT_OBJC_ISA_USAGE = YES_ERROR;
				CLANG_WARN_DOCUMENTATION_COMMENTS = YES;
				CLANG_WARN_EMPTY_BODY = YES;
				CLANG_WARN_ENUM_CONVERSION = YES;
				CLANG_WARN_INFINITE_RECURSION = YES;
				CLANG_WARN_INT_CONVERSION = YES;
				CLANG_WARN_NON_LITERAL_NULL_CONVERSION = YES;
				CLANG_WARN_OBJC_IMPLICIT_RETAIN_SELF = YES;
				CLANG_WARN_OBJC_LITERAL_CONVERSION = YES;
				CLANG_WARN_OBJC_ROOT_CLASS = YES_ERROR;
				CLANG_WARN_QUOTED_INCLUDE_IN_FRAMEWORK_HEADER = YES;
				CLANG_WARN_RANGE_LOOP_ANALYSIS = YES;
				CLANG_WARN_STRICT_PROTOTYPES = YES;
				CLANG_WARN_SUSPICIOUS_MOVE = YES;
				CLANG_WARN_UNGUARDED_AVAILABILITY = YES_AGGRESSIVE;
				CLANG_WARN_UNREACHABLE_CODE = YES;
				CLANG_WARN__DUPLICATE_METHOD_MATCH = YES;
				COPY_PHASE_STRIP = NO;
				DEBUG_INFORMATION_FORMAT = "dwarf-with-dsym";
				ENABLE_NS_ASSERTIONS = NO;
				ENABLE_STRICT_OBJC_MSGSEND = YES;
				GCC_C_LANGUAGE_STANDARD = gnu11;
				GCC_NO_COMMON_BLOCKS = YES;
				GCC_WARN_64_TO_32_BIT_CONVERSION = YES;
				GCC_WARN_ABOUT_RETURN_TYPE = YES_ERROR;
				GCC_WARN_UNDECLARED_SELECTOR = YES;
				GCC_WARN_UNINITIALIZED_AUTOS = YES_AGGRESSIVE;
				GCC_WARN_UNUSED_FUNCTION = YES;
				GCC_WARN_UNUSED_VARIABLE = YES;
				IPHONEOS_DEPLOYMENT_TARGET = 15.5;
				MTL_ENABLE_DEBUG_INFO = NO;
				MTL_FAST_MATH = YES;
				SDKROOT = iphoneos;
				SWIFT_COMPILATION_MODE = wholemodule;
				SWIFT_OPTIMIZATION_LEVEL = "-O";
				VALIDATE_PRODUCT = YES;
			};
			name = Release;
		};
		BDFD8046286B3D5B00ECC32D /* Debug */ = {
			isa = XCBuildConfiguration;
			buildSettings = {
				ASSETCATALOG_COMPILER_APPICON_NAME = AppIcon;
				ASSETCATALOG_COMPILER_GLOBAL_ACCENT_COLOR_NAME = AccentColor;
				CODE_SIGN_STYLE = Automatic;
				CURRENT_PROJECT_VERSION = 1;
				DEVELOPMENT_TEAM = ZM45857D4H;
				GENERATE_INFOPLIST_FILE = YES;
				INFOPLIST_FILE = SimpleWeather/Info.plist;
				INFOPLIST_KEY_UIApplicationSupportsIndirectInputEvents = YES;
				INFOPLIST_KEY_UILaunchStoryboardName = LaunchScreen;
				INFOPLIST_KEY_UIMainStoryboardFile = Main;
				INFOPLIST_KEY_UISupportedInterfaceOrientations_iPad = "UIInterfaceOrientationPortrait UIInterfaceOrientationPortraitUpsideDown UIInterfaceOrientationLandscapeLeft UIInterfaceOrientationLandscapeRight";
				INFOPLIST_KEY_UISupportedInterfaceOrientations_iPhone = "UIInterfaceOrientationPortrait UIInterfaceOrientationLandscapeLeft UIInterfaceOrientationLandscapeRight";
				LD_RUNPATH_SEARCH_PATHS = (
					"$(inherited)",
					"@executable_path/Frameworks",
				);
				MARKETING_VERSION = 1.0;
				PRODUCT_BUNDLE_IDENTIFIER = june.SimpleWeather;
				PRODUCT_NAME = "$(TARGET_NAME)";
				SWIFT_EMIT_LOC_STRINGS = YES;
				SWIFT_VERSION = 5.0;
				TARGETED_DEVICE_FAMILY = "1,2";
			};
			name = Debug;
		};
		BDFD8047286B3D5B00ECC32D /* Release */ = {
			isa = XCBuildConfiguration;
			buildSettings = {
				ASSETCATALOG_COMPILER_APPICON_NAME = AppIcon;
				ASSETCATALOG_COMPILER_GLOBAL_ACCENT_COLOR_NAME = AccentColor;
				CODE_SIGN_STYLE = Automatic;
				CURRENT_PROJECT_VERSION = 1;
				DEVELOPMENT_TEAM = ZM45857D4H;
				GENERATE_INFOPLIST_FILE = YES;
				INFOPLIST_FILE = SimpleWeather/Info.plist;
				INFOPLIST_KEY_UIApplicationSupportsIndirectInputEvents = YES;
				INFOPLIST_KEY_UILaunchStoryboardName = LaunchScreen;
				INFOPLIST_KEY_UIMainStoryboardFile = Main;
				INFOPLIST_KEY_UISupportedInterfaceOrientations_iPad = "UIInterfaceOrientationPortrait UIInterfaceOrientationPortraitUpsideDown UIInterfaceOrientationLandscapeLeft UIInterfaceOrientationLandscapeRight";
				INFOPLIST_KEY_UISupportedInterfaceOrientations_iPhone = "UIInterfaceOrientationPortrait UIInterfaceOrientationLandscapeLeft UIInterfaceOrientationLandscapeRight";
				LD_RUNPATH_SEARCH_PATHS = (
					"$(inherited)",
					"@executable_path/Frameworks",
				);
				MARKETING_VERSION = 1.0;
				PRODUCT_BUNDLE_IDENTIFIER = june.SimpleWeather;
				PRODUCT_NAME = "$(TARGET_NAME)";
				SWIFT_EMIT_LOC_STRINGS = YES;
				SWIFT_VERSION = 5.0;
				TARGETED_DEVICE_FAMILY = "1,2";
			};
			name = Release;
		};
		BDFD8049286B3D5B00ECC32D /* Debug */ = {
			isa = XCBuildConfiguration;
			buildSettings = {
				ALWAYS_EMBED_SWIFT_STANDARD_LIBRARIES = YES;
				BUNDLE_LOADER = "$(TEST_HOST)";
				CODE_SIGN_STYLE = Automatic;
				CURRENT_PROJECT_VERSION = 1;
				DEVELOPMENT_TEAM = ZM45857D4H;
				GENERATE_INFOPLIST_FILE = YES;
				IPHONEOS_DEPLOYMENT_TARGET = 15.5;
				MARKETING_VERSION = 1.0;
				PRODUCT_BUNDLE_IDENTIFIER = june.SimpleWeatherTests;
				PRODUCT_NAME = "$(TARGET_NAME)";
				SWIFT_EMIT_LOC_STRINGS = NO;
				SWIFT_VERSION = 5.0;
				TARGETED_DEVICE_FAMILY = "1,2";
				TEST_HOST = "$(BUILT_PRODUCTS_DIR)/SimpleWeather.app/SimpleWeather";
			};
			name = Debug;
		};
		BDFD804A286B3D5B00ECC32D /* Release */ = {
			isa = XCBuildConfiguration;
			buildSettings = {
				ALWAYS_EMBED_SWIFT_STANDARD_LIBRARIES = YES;
				BUNDLE_LOADER = "$(TEST_HOST)";
				CODE_SIGN_STYLE = Automatic;
				CURRENT_PROJECT_VERSION = 1;
				DEVELOPMENT_TEAM = ZM45857D4H;
				GENERATE_INFOPLIST_FILE = YES;
				IPHONEOS_DEPLOYMENT_TARGET = 15.5;
				MARKETING_VERSION = 1.0;
				PRODUCT_BUNDLE_IDENTIFIER = june.SimpleWeatherTests;
				PRODUCT_NAME = "$(TARGET_NAME)";
				SWIFT_EMIT_LOC_STRINGS = NO;
				SWIFT_VERSION = 5.0;
				TARGETED_DEVICE_FAMILY = "1,2";
				TEST_HOST = "$(BUILT_PRODUCTS_DIR)/SimpleWeather.app/SimpleWeather";
			};
			name = Release;
		};
		BDFD804C286B3D5B00ECC32D /* Debug */ = {
			isa = XCBuildConfiguration;
			buildSettings = {
				ALWAYS_EMBED_SWIFT_STANDARD_LIBRARIES = YES;
				CODE_SIGN_STYLE = Automatic;
				CURRENT_PROJECT_VERSION = 1;
				DEVELOPMENT_TEAM = ZM45857D4H;
				GENERATE_INFOPLIST_FILE = YES;
				MARKETING_VERSION = 1.0;
				PRODUCT_BUNDLE_IDENTIFIER = june.SimpleWeatherUITests;
				PRODUCT_NAME = "$(TARGET_NAME)";
				SWIFT_EMIT_LOC_STRINGS = NO;
				SWIFT_VERSION = 5.0;
				TARGETED_DEVICE_FAMILY = "1,2";
				TEST_TARGET_NAME = SimpleWeather;
			};
			name = Debug;
		};
		BDFD804D286B3D5B00ECC32D /* Release */ = {
			isa = XCBuildConfiguration;
			buildSettings = {
				ALWAYS_EMBED_SWIFT_STANDARD_LIBRARIES = YES;
				CODE_SIGN_STYLE = Automatic;
				CURRENT_PROJECT_VERSION = 1;
				DEVELOPMENT_TEAM = ZM45857D4H;
				GENERATE_INFOPLIST_FILE = YES;
				MARKETING_VERSION = 1.0;
				PRODUCT_BUNDLE_IDENTIFIER = june.SimpleWeatherUITests;
				PRODUCT_NAME = "$(TARGET_NAME)";
				SWIFT_EMIT_LOC_STRINGS = NO;
				SWIFT_VERSION = 5.0;
				TARGETED_DEVICE_FAMILY = "1,2";
				TEST_TARGET_NAME = SimpleWeather;
			};
			name = Release;
		};
/* End XCBuildConfiguration section */

/* Begin XCConfigurationList section */
		BDFD8016286B3D5A00ECC32D /* Build configuration list for PBXProject "SimpleWeather" */ = {
			isa = XCConfigurationList;
			buildConfigurations = (
				BDFD8043286B3D5B00ECC32D /* Debug */,
				BDFD8044286B3D5B00ECC32D /* Release */,
			);
			defaultConfigurationIsVisible = 0;
			defaultConfigurationName = Release;
		};
		BDFD8045286B3D5B00ECC32D /* Build configuration list for PBXNativeTarget "SimpleWeather" */ = {
			isa = XCConfigurationList;
			buildConfigurations = (
				BDFD8046286B3D5B00ECC32D /* Debug */,
				BDFD8047286B3D5B00ECC32D /* Release */,
			);
			defaultConfigurationIsVisible = 0;
			defaultConfigurationName = Release;
		};
		BDFD8048286B3D5B00ECC32D /* Build configuration list for PBXNativeTarget "SimpleWeatherTests" */ = {
			isa = XCConfigurationList;
			buildConfigurations = (
				BDFD8049286B3D5B00ECC32D /* Debug */,
				BDFD804A286B3D5B00ECC32D /* Release */,
			);
			defaultConfigurationIsVisible = 0;
			defaultConfigurationName = Release;
		};
		BDFD804B286B3D5B00ECC32D /* Build configuration list for PBXNativeTarget "SimpleWeatherUITests" */ = {
			isa = XCConfigurationList;
			buildConfigurations = (
				BDFD804C286B3D5B00ECC32D /* Debug */,
				BDFD804D286B3D5B00ECC32D /* Release */,
			);
			defaultConfigurationIsVisible = 0;
			defaultConfigurationName = Release;
		};
/* End XCConfigurationList section */
	};
	rootObject = BDFD8013286B3D5A00ECC32D /* Project object */;
}
